<?xml version="1.0" encoding="utf-8"?>
<Project ToolsVersion="4.0" xmlns="http://schemas.microsoft.com/developer/msbuild/2003">
  <ItemGroup>
    <Filter Include="00. MainGame">
      <UniqueIdentifier>{fc0f7d37-69b0-46bb-82bb-de4d8604061a}</UniqueIdentifier>
    </Filter>
    <Filter Include="01. Object">
      <UniqueIdentifier>{643f2ef7-4816-41e4-bc49-c18c6d0e1997}</UniqueIdentifier>
    </Filter>
    <Filter Include="99. Utils">
      <UniqueIdentifier>{9fc3f98d-58e7-4863-b7f1-5a8221e83e76}</UniqueIdentifier>
    </Filter>
    <Filter Include="01. Object\00. Player">
      <UniqueIdentifier>{6b6dc328-7ab5-4509-aff6-2184107e90f1}</UniqueIdentifier>
    </Filter>
    <Filter Include="01. Object\01. Monster">
      <UniqueIdentifier>{77975f51-a29b-4266-8247-bc7d0eae2d8b}</UniqueIdentifier>
    </Filter>
    <Filter Include="01. Object\02. Bullet">
      <UniqueIdentifier>{0aabf703-2874-4e19-acb8-e4f4a3f41ed6}</UniqueIdentifier>
    </Filter>
    <Filter Include="99. Utils\Design">
      <UniqueIdentifier>{c315c7c2-b3c0-46f6-a127-b04e11915ac4}</UniqueIdentifier>
    </Filter>
    <Filter Include="99. Utils\Resource">
      <UniqueIdentifier>{67DA6AB6-F800-4c08-8B7A-83BB121AAD01}</UniqueIdentifier>
      <Extensions>rc;ico;cur;bmp;dlg;rc2;rct;bin;rgs;gif;jpg;jpeg;jpe;resx;tiff;tif;png;wav;mfcribbon-ms</Extensions>
    </Filter>
    <Filter Include="99. Utils\Pch">
      <UniqueIdentifier>{e34f89d0-d060-4711-8794-10ac95635085}</UniqueIdentifier>
    </Filter>
    <Filter Include="01. Object\03.Item">
      <UniqueIdentifier>{05df5427-20a2-4407-8bc8-6e549c7b194a}</UniqueIdentifier>
    </Filter>
    <Filter Include="99. Utils\Mgr">
      <UniqueIdentifier>{02170556-2e54-4bf3-9940-14eaabfa1917}</UniqueIdentifier>
    </Filter>
    <Filter Include="99. Utils\Mgr\01.CollisionMgr">
      <UniqueIdentifier>{6f6fdc24-882a-4142-be3d-f99fea1dd7fb}</UniqueIdentifier>
    </Filter>
    <Filter Include="02.Scene">
      <UniqueIdentifier>{30b416b8-6188-4317-8c7a-6457527f6f82}</UniqueIdentifier>
    </Filter>
    <Filter Include="02.Scene\00.First_Scene">
      <UniqueIdentifier>{cd03ed19-3ff7-4c20-a766-1e95e5532b06}</UniqueIdentifier>
    </Filter>
    <Filter Include="02.Scene\01.Second_Scene">
      <UniqueIdentifier>{4e8bc7fe-8af5-4d35-aa58-7fa3b9b0ef95}</UniqueIdentifier>
    </Filter>
    <Filter Include="01. Object\01. Monster\01. Level_01">
      <UniqueIdentifier>{e835e858-5b2d-4db0-b7c2-c3fd1e6e9b54}</UniqueIdentifier>
    </Filter>
    <Filter Include="01. Object\01. Monster\02. Level_02">
      <UniqueIdentifier>{7cb8c744-7617-414b-a2b7-bb8099f85fb1}</UniqueIdentifier>
    </Filter>
    <Filter Include="01. Object\01. Monster\03. Level_03">
      <UniqueIdentifier>{40bdf99c-43c0-4e83-9f15-2634f5d3d196}</UniqueIdentifier>
    </Filter>
    <Filter Include="01. Object\01. Monster\04. Level_04">
      <UniqueIdentifier>{9954df3f-a054-4f55-99f7-3ea0b9446afd}</UniqueIdentifier>
    </Filter>
    <Filter Include="01. Object\01. Monster\05. Level_05">
      <UniqueIdentifier>{be4a04ed-fabd-4cb4-a436-3439790b6325}</UniqueIdentifier>
    </Filter>
    <Filter Include="01. Object\01. Monster\06. BossMonster">
      <UniqueIdentifier>{36b5a6e5-9024-4abe-81ad-cd0f9f2addc2}</UniqueIdentifier>
    </Filter>
    <Filter Include="01. Object\04. Pet">
      <UniqueIdentifier>{0d870010-e116-4180-851a-05b833d0189c}</UniqueIdentifier>
    </Filter>
    <Filter Include="01. Object\01. Monster\07. BossMonster2">
      <UniqueIdentifier>{d72467ce-96b8-4a1c-bf26-adb04556e751}</UniqueIdentifier>
    </Filter>
  </ItemGroup>
  <ItemGroup>
    <ClInclude Include="Obj.h">
      <Filter>01. Object</Filter>
    </ClInclude>
    <ClInclude Include="Player.h">
      <Filter>01. Object\00. Player</Filter>
    </ClInclude>
    <ClInclude Include="Monster.h">
      <Filter>01. Object\01. Monster</Filter>
    </ClInclude>
    <ClInclude Include="Bullet.h">
      <Filter>01. Object\02. Bullet</Filter>
    </ClInclude>
    <ClInclude Include="MainGame.h">
      <Filter>00. MainGame</Filter>
    </ClInclude>
    <ClInclude Include="AbstractFactory.h">
      <Filter>99. Utils\Design</Filter>
    </ClInclude>
    <ClInclude Include="Resource.h">
      <Filter>99. Utils\Resource</Filter>
    </ClInclude>
    <ClInclude Include="Define.h">
      <Filter>99. Utils</Filter>
    </ClInclude>
    <ClInclude Include="Enum.h">
      <Filter>99. Utils</Filter>
    </ClInclude>
    <ClInclude Include="Struct.h">
      <Filter>99. Utils</Filter>
    </ClInclude>
    <ClInclude Include="Include.h">
      <Filter>99. Utils</Filter>
    </ClInclude>
    <ClInclude Include="Function.h">
      <Filter>99. Utils</Filter>
    </ClInclude>
    <ClInclude Include="pch.h">
      <Filter>99. Utils\Pch</Filter>
    </ClInclude>
    <ClInclude Include="targetver.h">
      <Filter>99. Utils\Pch</Filter>
    </ClInclude>
    <ClInclude Include="Item.h">
      <Filter>01. Object\03.Item</Filter>
    </ClInclude>
    <ClInclude Include="Scene.h">
      <Filter>02.Scene</Filter>
    </ClInclude>
    <ClInclude Include="CollisionMgr.h">
      <Filter>99. Utils\Mgr\01.CollisionMgr</Filter>
    </ClInclude>
    <ClInclude Include="FirstScene.h">
      <Filter>02.Scene\00.First_Scene</Filter>
    </ClInclude>
    <ClInclude Include="SecondScene.h">
      <Filter>02.Scene\01.Second_Scene</Filter>
    </ClInclude>
    <ClInclude Include="AddHpItem.h">
      <Filter>01. Object\03.Item</Filter>
    </ClInclude>
    <ClInclude Include="Monster_Level_01.h">
      <Filter>01. Object\01. Monster\01. Level_01</Filter>
    </ClInclude>
    <ClInclude Include="Monster_Level_02.h">
      <Filter>01. Object\01. Monster\02. Level_02</Filter>
    </ClInclude>
    <ClInclude Include="Monster_Level_03.h">
      <Filter>01. Object\01. Monster\03. Level_03</Filter>
    </ClInclude>
    <ClInclude Include="Monster_Level_04.h">
      <Filter>01. Object\01. Monster\04. Level_04</Filter>
    </ClInclude>
    <ClInclude Include="Monster_Level_05.h">
      <Filter>01. Object\01. Monster\05. Level_05</Filter>
    </ClInclude>
    <ClInclude Include="BossMonster.h">
      <Filter>01. Object\01. Monster\06. BossMonster</Filter>
    </ClInclude>
    <ClInclude Include="AddPetPowerUp.h">
      <Filter>01. Object\03.Item</Filter>
    </ClInclude>
    <ClInclude Include="AddPowerUpItem.h">
      <Filter>01. Object\03.Item</Filter>
    </ClInclude>
    <ClInclude Include="AddUltimateItem.h">
      <Filter>01. Object\03.Item</Filter>
    </ClInclude>
    <ClInclude Include="Pet.h">
      <Filter>01. Object\04. Pet</Filter>
    </ClInclude>
    <ClInclude Include="BossMonster2.h">
      <Filter>01. Object\01. Monster\07. BossMonster2</Filter>
    </ClInclude>
  </ItemGroup>
  <ItemGroup>
    <ClCompile Include="Obj.cpp">
      <Filter>01. Object</Filter>
    </ClCompile>
    <ClCompile Include="Player.cpp">
      <Filter>01. Object\00. Player</Filter>
    </ClCompile>
    <ClCompile Include="Monster.cpp">
      <Filter>01. Object\01. Monster</Filter>
    </ClCompile>
    <ClCompile Include="Bullet.cpp">
      <Filter>01. Object\02. Bullet</Filter>
    </ClCompile>
    <ClCompile Include="WindowMain.cpp">
      <Filter>00. MainGame</Filter>
    </ClCompile>
    <ClCompile Include="MainGame.cpp">
      <Filter>00. MainGame</Filter>
    </ClCompile>
    <ClCompile Include="pch.cpp">
      <Filter>99. Utils\Pch</Filter>
    </ClCompile>
    <ClCompile Include="Item.cpp">
      <Filter>01. Object\03.Item</Filter>
    </ClCompile>
    <ClCompile Include="Scene.cpp">
      <Filter>02.Scene</Filter>
    </ClCompile>
    <ClCompile Include="CollisionMgr.cpp">
      <Filter>99. Utils\Mgr\01.CollisionMgr</Filter>
    </ClCompile>
    <ClCompile Include="FirstScene.cpp">
      <Filter>02.Scene\00.First_Scene</Filter>
    </ClCompile>
    <ClCompile Include="SecondScene.cpp">
      <Filter>02.Scene\01.Second_Scene</Filter>
    </ClCompile>
    <ClCompile Include="AddHpItem.cpp">
      <Filter>01. Object\03.Item</Filter>
    </ClCompile>
    <ClCompile Include="Monster_Level_01.cpp">
      <Filter>01. Object\01. Monster\01. Level_01</Filter>
    </ClCompile>
    <ClCompile Include="Monster_Level_02.cpp">
      <Filter>01. Object\01. Monster\02. Level_02</Filter>
    </ClCompile>
    <ClCompile Include="Monster_Level_03.cpp">
      <Filter>01. Object\01. Monster\03. Level_03</Filter>
    </ClCompile>
    <ClCompile Include="Monster_Level_04.cpp">
      <Filter>01. Object\01. Monster\04. Level_04</Filter>
    </ClCompile>
    <ClCompile Include="Monster_Level_05.cpp">
      <Filter>01. Object\01. Monster\05. Level_05</Filter>
    </ClCompile>
    <ClCompile Include="BossMonster.cpp">
      <Filter>01. Object\01. Monster\06. BossMonster</Filter>
    </ClCompile>
    <ClCompile Include="AddPetPowerUp.cpp">
      <Filter>01. Object\03.Item</Filter>
    </ClCompile>
    <ClCompile Include="AddPowerUpItem.cpp">
      <Filter>01. Object\03.Item</Filter>
    </ClCompile>
    <ClCompile Include="AddUltimateItem.cpp">
      <Filter>01. Object\03.Item</Filter>
    </ClCompile>
    <ClCompile Include="Pet.cpp">
      <Filter>01. Object\04. Pet</Filter>
    </ClCompile>
    <ClCompile Include="BossMonster2.cpp">
      <Filter>01. Object\01. Monster\07. BossMonster2</Filter>
    </ClCompile>
  </ItemGroup>
  <ItemGroup>
    <ResourceCompile Include="TENGAI.rc">
      <Filter>99. Utils\Resource</Filter>
    </ResourceCompile>
  </ItemGroup>
  <ItemGroup>
    <Image Include="small.ico">
      <Filter>99. Utils\Resource</Filter>
    </Image>
    <Image Include="TENGAI.ico">
      <Filter>99. Utils\Resource</Filter>
    </Image>
  </ItemGroup>
</Project>